// !$*UTF8*$!
{
	archiveVersion = 1;
	classes = {
	};
	objectVersion = 55;
	objects = {

/* Begin PBXBuildFile section */
		A1CB278B5C7069A0AC290DDD /* Pods_DailyList.framework in Frameworks */ = {isa = PBXBuildFile; fileRef = 96E714BE503285406923DF93 /* Pods_DailyList.framework */; };
		BC15B65E2A0314EC0089EC6E /* TableViewController.swift in Sources */ = {isa = PBXBuildFile; fileRef = BC15B65D2A0314EC0089EC6E /* TableViewController.swift */; };
		BC5C546F29ED897A00010D4A /* AppDelegate.swift in Sources */ = {isa = PBXBuildFile; fileRef = BC5C546E29ED897A00010D4A /* AppDelegate.swift */; };
		BC5C547329ED897A00010D4A /* ListViewController.swift in Sources */ = {isa = PBXBuildFile; fileRef = BC5C547229ED897A00010D4A /* ListViewController.swift */; };
		BC5C547629ED897A00010D4A /* Main.storyboard in Resources */ = {isa = PBXBuildFile; fileRef = BC5C547429ED897A00010D4A /* Main.storyboard */; };
		BC5C547829ED897B00010D4A /* Assets.xcassets in Resources */ = {isa = PBXBuildFile; fileRef = BC5C547729ED897B00010D4A /* Assets.xcassets */; };
		BC5C547B29ED897B00010D4A /* LaunchScreen.storyboard in Resources */ = {isa = PBXBuildFile; fileRef = BC5C547929ED897B00010D4A /* LaunchScreen.storyboard */; };
		BC9001BF29F1869600204E29 /* Category.swift in Sources */ = {isa = PBXBuildFile; fileRef = BC9001BE29F1869600204E29 /* Category.swift */; };
		BC9001C129F1A81500204E29 /* CategoryViewController.swift in Sources */ = {isa = PBXBuildFile; fileRef = BC9001C029F1A81500204E29 /* CategoryViewController.swift */; };
		BCEF2EBE29F0755F00E068D8 /* Task.swift in Sources */ = {isa = PBXBuildFile; fileRef = BCEF2EBD29F0755F00E068D8 /* Task.swift */; };
/* End PBXBuildFile section */

/* Begin PBXFileReference section */
		2AA273A4E5D136E84B9E1CBF /* Pods-DailyList.release.xcconfig */ = {isa = PBXFileReference; includeInIndex = 1; lastKnownFileType = text.xcconfig; name = "Pods-DailyList.release.xcconfig"; path = "Target Support Files/Pods-DailyList/Pods-DailyList.release.xcconfig"; sourceTree = "<group>"; };
		96E714BE503285406923DF93 /* Pods_DailyList.framework */ = {isa = PBXFileReference; explicitFileType = wrapper.framework; includeInIndex = 0; path = Pods_DailyList.framework; sourceTree = BUILT_PRODUCTS_DIR; };
		BC15B65D2A0314EC0089EC6E /* TableViewController.swift */ = {isa = PBXFileReference; lastKnownFileType = sourcecode.swift; path = TableViewController.swift; sourceTree = "<group>"; };
		BC5C546B29ED897A00010D4A /* DailyList.app */ = {isa = PBXFileReference; explicitFileType = wrapper.application; includeInIndex = 0; path = DailyList.app; sourceTree = BUILT_PRODUCTS_DIR; };
		BC5C546E29ED897A00010D4A /* AppDelegate.swift */ = {isa = PBXFileReference; lastKnownFileType = sourcecode.swift; path = AppDelegate.swift; sourceTree = "<group>"; };
		BC5C547229ED897A00010D4A /* ListViewController.swift */ = {isa = PBXFileReference; lastKnownFileType = sourcecode.swift; path = ListViewController.swift; sourceTree = "<group>"; };
		BC5C547529ED897A00010D4A /* Base */ = {isa = PBXFileReference; lastKnownFileType = file.storyboard; name = Base; path = Base.lproj/Main.storyboard; sourceTree = "<group>"; };
		BC5C547729ED897B00010D4A /* Assets.xcassets */ = {isa = PBXFileReference; lastKnownFileType = folder.assetcatalog; path = Assets.xcassets; sourceTree = "<group>"; };
		BC5C547A29ED897B00010D4A /* Base */ = {isa = PBXFileReference; lastKnownFileType = file.storyboard; name = Base; path = Base.lproj/LaunchScreen.storyboard; sourceTree = "<group>"; };
		BC5C547C29ED897B00010D4A /* Info.plist */ = {isa = PBXFileReference; lastKnownFileType = text.plist.xml; path = Info.plist; sourceTree = "<group>"; };
		BC9001BE29F1869600204E29 /* Category.swift */ = {isa = PBXFileReference; lastKnownFileType = sourcecode.swift; path = Category.swift; sourceTree = "<group>"; };
		BC9001C029F1A81500204E29 /* CategoryViewController.swift */ = {isa = PBXFileReference; lastKnownFileType = sourcecode.swift; path = CategoryViewController.swift; sourceTree = "<group>"; };
		BCEF2EBD29F0755F00E068D8 /* Task.swift */ = {isa = PBXFileReference; lastKnownFileType = sourcecode.swift; path = Task.swift; sourceTree = "<group>"; };
		E2E544A5E796A2019D9448EF /* Pods-DailyList.debug.xcconfig */ = {isa = PBXFileReference; includeInIndex = 1; lastKnownFileType = text.xcconfig; name = "Pods-DailyList.debug.xcconfig"; path = "Target Support Files/Pods-DailyList/Pods-DailyList.debug.xcconfig"; sourceTree = "<group>"; };
/* End PBXFileReference section */

/* Begin PBXFrameworksBuildPhase section */
		BC5C546829ED897A00010D4A /* Frameworks */ = {
			isa = PBXFrameworksBuildPhase;
			buildActionMask = 2147483647;
			files = (
				A1CB278B5C7069A0AC290DDD /* Pods_DailyList.framework in Frameworks */,
			);
			runOnlyForDeploymentPostprocessing = 0;
		};
/* End PBXFrameworksBuildPhase section */

/* Begin PBXGroup section */
		409311D9517086C26A6E5131 /* Pods */ = {
			isa = PBXGroup;
			children = (
				E2E544A5E796A2019D9448EF /* Pods-DailyList.debug.xcconfig */,
				2AA273A4E5D136E84B9E1CBF /* Pods-DailyList.release.xcconfig */,
			);
			path = Pods;
			sourceTree = "<group>";
		};
		BC5C546229ED897A00010D4A = {
			isa = PBXGroup;
			children = (
				BC5C546D29ED897A00010D4A /* DailyList */,
				BC5C546C29ED897A00010D4A /* Products */,
				409311D9517086C26A6E5131 /* Pods */,
				ECE05213F3D7440AEB315D88 /* Frameworks */,
			);
			sourceTree = "<group>";
		};
		BC5C546C29ED897A00010D4A /* Products */ = {
			isa = PBXGroup;
			children = (
				BC5C546B29ED897A00010D4A /* DailyList.app */,
			);
			name = Products;
			sourceTree = "<group>";
		};
		BC5C546D29ED897A00010D4A /* DailyList */ = {
			isa = PBXGroup;
			children = (
				BC5C546E29ED897A00010D4A /* AppDelegate.swift */,
				BCEF2EBB29F074FF00E068D8 /* Controllers */,
				BCEF2EBA29F074C600E068D8 /* Models */,
				BCEF2EBC29F0751A00E068D8 /* Views */,
				BC5C547729ED897B00010D4A /* Assets.xcassets */,
				BC5C547929ED897B00010D4A /* LaunchScreen.storyboard */,
				BC5C547C29ED897B00010D4A /* Info.plist */,
			);
			path = DailyList;
			sourceTree = "<group>";
		};
		BCEF2EBA29F074C600E068D8 /* Models */ = {
			isa = PBXGroup;
			children = (
				BCEF2EBD29F0755F00E068D8 /* Task.swift */,
				BC9001BE29F1869600204E29 /* Category.swift */,
			);
			path = Models;
			sourceTree = "<group>";
		};
		BCEF2EBB29F074FF00E068D8 /* Controllers */ = {
			isa = PBXGroup;
			children = (
				BC5C547229ED897A00010D4A /* ListViewController.swift */,
				BC15B65D2A0314EC0089EC6E /* TableViewController.swift */,
				BC9001C029F1A81500204E29 /* CategoryViewController.swift */,
			);
			path = Controllers;
			sourceTree = "<group>";
		};
		BCEF2EBC29F0751A00E068D8 /* Views */ = {
			isa = PBXGroup;
			children = (
				BC5C547429ED897A00010D4A /* Main.storyboard */,
			);
			path = Views;
			sourceTree = "<group>";
		};
		ECE05213F3D7440AEB315D88 /* Frameworks */ = {
			isa = PBXGroup;
			children = (
				96E714BE503285406923DF93 /* Pods_DailyList.framework */,
			);
			name = Frameworks;
			sourceTree = "<group>";
		};
/* End PBXGroup section */

/* Begin PBXNativeTarget section */
		BC5C546A29ED897A00010D4A /* DailyList */ = {
			isa = PBXNativeTarget;
			buildConfigurationList = BC5C547F29ED897B00010D4A /* Build configuration list for PBXNativeTarget "DailyList" */;
			buildPhases = (
				B8B5061CCAFAC37BE4A3B0FE /* [CP] Check Pods Manifest.lock */,
				BC5C546729ED897A00010D4A /* Sources */,
				BC5C546829ED897A00010D4A /* Frameworks */,
				BC5C546929ED897A00010D4A /* Resources */,
				02AF5BDEB80856514ADA3C67 /* [CP] Embed Pods Frameworks */,
			);
			buildRules = (
			);
			dependencies = (
			);
			name = DailyList;
			productName = DailyList;
			productReference = BC5C546B29ED897A00010D4A /* DailyList.app */;
			productType = "com.apple.product-type.application";
		};
/* End PBXNativeTarget section */

/* Begin PBXProject section */
		BC5C546329ED897A00010D4A /* Project object */ = {
			isa = PBXProject;
			attributes = {
				BuildIndependentTargetsInParallel = 1;
				LastSwiftUpdateCheck = 1340;
				LastUpgradeCheck = 1340;
				TargetAttributes = {
					BC5C546A29ED897A00010D4A = {
						CreatedOnToolsVersion = 13.4.1;
					};
				};
			};
			buildConfigurationList = BC5C546629ED897A00010D4A /* Build configuration list for PBXProject "DailyList" */;
			compatibilityVersion = "Xcode 13.0";
			developmentRegion = en;
			hasScannedForEncodings = 0;
			knownRegions = (
				en,
				Base,
			);
			mainGroup = BC5C546229ED897A00010D4A;
			productRefGroup = BC5C546C29ED897A00010D4A /* Products */;
			projectDirPath = "";
			projectRoot = "";
			targets = (
				BC5C546A29ED897A00010D4A /* DailyList */,
			);
		};
/* End PBXProject section */

/* Begin PBXResourcesBuildPhase section */
		BC5C546929ED897A00010D4A /* Resources */ = {
			isa = PBXResourcesBuildPhase;
			buildActionMask = 2147483647;
			files = (
				BC5C547B29ED897B00010D4A /* LaunchScreen.storyboard in Resources */,
				BC5C547829ED897B00010D4A /* Assets.xcassets in Resources */,
				BC5C547629ED897A00010D4A /* Main.storyboard in Resources */,
			);
			runOnlyForDeploymentPostprocessing = 0;
		};
/* End PBXResourcesBuildPhase section */

/* Begin PBXShellScriptBuildPhase section */
		02AF5BDEB80856514ADA3C67 /* [CP] Embed Pods Frameworks */ = {
			isa = PBXShellScriptBuildPhase;
			buildActionMask = 2147483647;
			files = (
			);
			inputFileListPaths = (
				"${PODS_ROOT}/Target Support Files/Pods-DailyList/Pods-DailyList-frameworks-${CONFIGURATION}-input-files.xcfilelist",
			);
			name = "[CP] Embed Pods Frameworks";
			outputFileListPaths = (
				"${PODS_ROOT}/Target Support Files/Pods-DailyList/Pods-DailyList-frameworks-${CONFIGURATION}-output-files.xcfilelist",
			);
			runOnlyForDeploymentPostprocessing = 0;
			shellPath = /bin/sh;
			shellScript = "\"${PODS_ROOT}/Target Support Files/Pods-DailyList/Pods-DailyList-frameworks.sh\"\n";
			showEnvVarsInLog = 0;
		};
		B8B5061CCAFAC37BE4A3B0FE /* [CP] Check Pods Manifest.lock */ = {
			isa = PBXShellScriptBuildPhase;
			buildActionMask = 2147483647;
			files = (
			);
			inputFileListPaths = (
			);
			inputPaths = (
				"${PODS_PODFILE_DIR_PATH}/Podfile.lock",
				"${PODS_ROOT}/Manifest.lock",
			);
			name = "[CP] Check Pods Manifest.lock";
			outputFileListPaths = (
			);
			outputPaths = (
				"$(DERIVED_FILE_DIR)/Pods-DailyList-checkManifestLockResult.txt",
			);
			runOnlyForDeploymentPostprocessing = 0;
			shellPath = /bin/sh;
			shellScript = "diff \"${PODS_PODFILE_DIR_PATH}/Podfile.lock\" \"${PODS_ROOT}/Manifest.lock\" > /dev/null\nif [ $? != 0 ] ; then\n    # print error to STDERR\n    echo \"error: The sandbox is not in sync with the Podfile.lock. Run 'pod install' or update your CocoaPods installation.\" >&2\n    exit 1\nfi\n# This output is used by Xcode 'outputs' to avoid re-running this script phase.\necho \"SUCCESS\" > \"${SCRIPT_OUTPUT_FILE_0}\"\n";
			showEnvVarsInLog = 0;
		};
/* End PBXShellScriptBuildPhase section */

/* Begin PBXSourcesBuildPhase section */
		BC5C546729ED897A00010D4A /* Sources */ = {
			isa = PBXSourcesBuildPhase;
			buildActionMask = 2147483647;
			files = (
				BC9001C129F1A81500204E29 /* CategoryViewController.swift in Sources */,
				BC15B65E2A0314EC0089EC6E /* TableViewController.swift in Sources */,
				BCEF2EBE29F0755F00E068D8 /* Task.swift in Sources */,
				BC5C547329ED897A00010D4A /* ListViewController.swift in Sources */,
				BC5C546F29ED897A00010D4A /* AppDelegate.swift in Sources */,
				BC9001BF29F1869600204E29 /* Category.swift in Sources */,
			);
			runOnlyForDeploymentPostprocessing = 0;
		};
/* End PBXSourcesBuildPhase section */

/* Begin PBXVariantGroup section */
		BC5C547429ED897A00010D4A /* Main.storyboard */ = {
			isa = PBXVariantGroup;
			children = (
				BC5C547529ED897A00010D4A /* Base */,
			);
			name = Main.storyboard;
			sourceTree = "<group>";
		};
		BC5C547929ED897B00010D4A /* LaunchScreen.storyboard */ = {
			isa = PBXVariantGroup;
			children = (
				BC5C547A29ED897B00010D4A /* Base */,
			);
			name = LaunchScreen.storyboard;
			sourceTree = "<group>";
		};
/* End PBXVariantGroup section */

/* Begin XCBuildConfiguration section */
		BC5C547D29ED897B00010D4A /* Debug */ = {
			isa = XCBuildConfiguration;
			buildSettings = {
				ALWAYS_SEARCH_USER_PATHS = NO;
				CLANG_ANALYZER_NONNULL = YES;
				CLANG_ANALYZER_NUMBER_OBJECT_CONVERSION = YES_AGGRESSIVE;
				CLANG_CXX_LANGUAGE_STANDARD = "gnu++17";
				CLANG_ENABLE_MODULES = YES;
				CLANG_ENABLE_OBJC_ARC = YES;
				CLANG_ENABLE_OBJC_WEAK = YES;
				CLANG_WARN_BLOCK_CAPTURE_AUTORELEASING = YES;
				CLANG_WARN_BOOL_CONVERSION = YES;
				CLANG_WARN_COMMA = YES;
				CLANG_WARN_CONSTANT_CONVERSION = YES;
				CLANG_WARN_DEPRECATED_OBJC_IMPLEMENTATIONS = YES;
				CLANG_WARN_DIRECT_OBJC_ISA_USAGE = YES_ERROR;
				CLANG_WARN_DOCUMENTATION_COMMENTS = YES;
				CLANG_WARN_EMPTY_BODY = YES;
				CLANG_WARN_ENUM_CONVERSION = YES;
				CLANG_WARN_INFINITE_RECURSION = YES;
				CLANG_WARN_INT_CONVERSION = YES;
				CLANG_WARN_NON_LITERAL_NULL_CONVERSION = YES;
				CLANG_WARN_OBJC_IMPLICIT_RETAIN_SELF = YES;
				CLANG_WARN_OBJC_LITERAL_CONVERSION = YES;
				CLANG_WARN_OBJC_ROOT_CLASS = YES_ERROR;
				CLANG_WARN_QUOTED_INCLUDE_IN_FRAMEWORK_HEADER = YES;
				CLANG_WARN_RANGE_LOOP_ANALYSIS = YES;
				CLANG_WARN_STRICT_PROTOTYPES = YES;
				CLANG_WARN_SUSPICIOUS_MOVE = YES;
				CLANG_WARN_UNGUARDED_AVAILABILITY = YES_AGGRESSIVE;
				CLANG_WARN_UNREACHABLE_CODE = YES;
				CLANG_WARN__DUPLICATE_METHOD_MATCH = YES;
				COPY_PHASE_STRIP = NO;
				DEBUG_INFORMATION_FORMAT = dwarf;
				ENABLE_STRICT_OBJC_MSGSEND = YES;
				ENABLE_TESTABILITY = YES;
				GCC_C_LANGUAGE_STANDARD = gnu11;
				GCC_DYNAMIC_NO_PIC = NO;
				GCC_NO_COMMON_BLOCKS = YES;
				GCC_OPTIMIZATION_LEVEL = 0;
				GCC_PREPROCESSOR_DEFINITIONS = (
					"DEBUG=1",
					"$(inherited)",
				);
				GCC_WARN_64_TO_32_BIT_CONVERSION = YES;
				GCC_WARN_ABOUT_RETURN_TYPE = YES_ERROR;
				GCC_WARN_UNDECLARED_SELECTOR = YES;
				GCC_WARN_UNINITIALIZED_AUTOS = YES_AGGRESSIVE;
				GCC_WARN_UNUSED_FUNCTION = YES;
				GCC_WARN_UNUSED_VARIABLE = YES;
				IPHONEOS_DEPLOYMENT_TARGET = 13.0;
				MTL_ENABLE_DEBUG_INFO = INCLUDE_SOURCE;
				MTL_FAST_MATH = YES;
				ONLY_ACTIVE_ARCH = YES;
				SDKROOT = iphoneos;
				SWIFT_ACTIVE_COMPILATION_CONDITIONS = DEBUG;
				SWIFT_OPTIMIZATION_LEVEL = "-Onone";
			};
			name = Debug;
		};
		BC5C547E29ED897B00010D4A /* Release */ = {
			isa = XCBuildConfiguration;
			buildSettings = {
				ALWAYS_SEARCH_USER_PATHS = NO;
				CLANG_ANALYZER_NONNULL = YES;
				CLANG_ANALYZER_NUMBER_OBJECT_CONVERSION = YES_AGGRESSIVE;
				CLANG_CXX_LANGUAGE_STANDARD = "gnu++17";
				CLANG_ENABLE_MODULES = YES;
				CLANG_ENABLE_OBJC_ARC = YES;
				CLANG_ENABLE_OBJC_WEAK = YES;
				CLANG_WARN_BLOCK_CAPTURE_AUTORELEASING = YES;
				CLANG_WARN_BOOL_CONVERSION = YES;
				CLANG_WARN_COMMA = YES;
				CLANG_WARN_CONSTANT_CONVERSION = YES;
				CLANG_WARN_DEPRECATED_OBJC_IMPLEMENTATIONS = YES;
				CLANG_WARN_DIRECT_OBJC_ISA_USAGE = YES_ERROR;
				CLANG_WARN_DOCUMENTATION_COMMENTS = YES;
				CLANG_WARN_EMPTY_BODY = YES;
				CLANG_WARN_ENUM_CONVERSION = YES;
				CLANG_WARN_INFINITE_RECURSION = YES;
				CLANG_WARN_INT_CONVERSION = YES;
				CLANG_WARN_NON_LITERAL_NULL_CONVERSION = YES;
				CLANG_WARN_OBJC_IMPLICIT_RETAIN_SELF = YES;
				CLANG_WARN_OBJC_LITERAL_CONVERSION = YES;
				CLANG_WARN_OBJC_ROOT_CLASS = YES_ERROR;
				CLANG_WARN_QUOTED_INCLUDE_IN_FRAMEWORK_HEADER = YES;
				CLANG_WARN_RANGE_LOOP_ANALYSIS = YES;
				CLANG_WARN_STRICT_PROTOTYPES = YES;
				CLANG_WARN_SUSPICIOUS_MOVE = YES;
				CLANG_WARN_UNGUARDED_AVAILABILITY = YES_AGGRESSIVE;
				CLANG_WARN_UNREACHABLE_CODE = YES;
				CLANG_WARN__DUPLICATE_METHOD_MATCH = YES;
				COPY_PHASE_STRIP = NO;
				DEBUG_INFORMATION_FORMAT = "dwarf-with-dsym";
				ENABLE_NS_ASSERTIONS = NO;
				ENABLE_STRICT_OBJC_MSGSEND = YES;
				GCC_C_LANGUAGE_STANDARD = gnu11;
				GCC_NO_COMMON_BLOCKS = YES;
				GCC_WARN_64_TO_32_BIT_CONVERSION = YES;
				GCC_WARN_ABOUT_RETURN_TYPE = YES_ERROR;
				GCC_WARN_UNDECLARED_SELECTOR = YES;
				GCC_WARN_UNINITIALIZED_AUTOS = YES_AGGRESSIVE;
				GCC_WARN_UNUSED_FUNCTION = YES;
				GCC_WARN_UNUSED_VARIABLE = YES;
				IPHONEOS_DEPLOYMENT_TARGET = 13.0;
				MTL_ENABLE_DEBUG_INFO = NO;
				MTL_FAST_MATH = YES;
				SDKROOT = iphoneos;
				SWIFT_COMPILATION_MODE = wholemodule;
				SWIFT_OPTIMIZATION_LEVEL = "-O";
				VALIDATE_PRODUCT = YES;
			};
			name = Release;
		};
		BC5C548029ED897B00010D4A /* Debug */ = {
			isa = XCBuildConfiguration;
			baseConfigurationReference = E2E544A5E796A2019D9448EF /* Pods-DailyList.debug.xcconfig */;
			buildSettings = {
				ASSETCATALOG_COMPILER_APPICON_NAME = AppIcon;
				ASSETCATALOG_COMPILER_GLOBAL_ACCENT_COLOR_NAME = AccentColor;
				CODE_SIGN_STYLE = Automatic;
				CURRENT_PROJECT_VERSION = 1;
				DEVELOPMENT_TEAM = 7DW55GZQ5H;
				GENERATE_INFOPLIST_FILE = YES;
				INFOPLIST_FILE = DailyList/Info.plist;
				INFOPLIST_KEY_UIApplicationSupportsIndirectInputEvents = YES;
				INFOPLIST_KEY_UILaunchStoryboardName = LaunchScreen;
				INFOPLIST_KEY_UIMainStoryboardFile = Main;
				INFOPLIST_KEY_UISupportedInterfaceOrientations = UIInterfaceOrientationPortrait;
				INFOPLIST_KEY_UISupportedInterfaceOrientations_iPad = "UIInterfaceOrientationPortrait UIInterfaceOrientationPortraitUpsideDown UIInterfaceOrientationLandscapeLeft UIInterfaceOrientationLandscapeRight";
				INFOPLIST_KEY_UISupportedInterfaceOrientations_iPhone = "UIInterfaceOrientationPortrait UIInterfaceOrientationLandscapeLeft UIInterfaceOrientationLandscapeRight";
				LD_RUNPATH_SEARCH_PATHS = (
					"$(inherited)",
					"@executable_path/Frameworks",
				);
				MARKETING_VERSION = 1.0;
				PRODUCT_BUNDLE_IDENTIFIER = com.talha.DailyList;
				PRODUCT_NAME = "$(TARGET_NAME)";
				SWIFT_EMIT_LOC_STRINGS = YES;
				SWIFT_VERSION = 5.0;
				TARGETED_DEVICE_FAMILY = "1,2";
			};
			name = Debug;
		};
		BC5C548129ED897B00010D4A /* Release */ = {
			isa = XCBuildConfiguration;
			baseConfigurationReference = 2AA273A4E5D136E84B9E1CBF /* Pods-DailyList.release.xcconfig */;
			buildSettings = {
				ASSETCATALOG_COMPILER_APPICON_NAME = AppIcon;
				ASSETCATALOG_COMPILER_GLOBAL_ACCENT_COLOR_NAME = AccentColor;
				CODE_SIGN_STYLE = Automatic;
				CURRENT_PROJECT_VERSION = 1;
				DEVELOPMENT_TEAM = 7DW55GZQ5H;
				GENERATE_INFOPLIST_FILE = YES;
				INFOPLIST_FILE = DailyList/Info.plist;
				INFOPLIST_KEY_UIApplicationSupportsIndirectInputEvents = YES;
				INFOPLIST_KEY_UILaunchStoryboardName = LaunchScreen;
				INFOPLIST_KEY_UIMainStoryboardFile = Main;
				INFOPLIST_KEY_UISupportedInterfaceOrientations = UIInterfaceOrientationPortrait;
				INFOPLIST_KEY_UISupportedInterfaceOrientations_iPad = "UIInterfaceOrientationPortrait UIInterfaceOrientationPortraitUpsideDown UIInterfaceOrientationLandscapeLeft UIInterfaceOrientationLandscapeRight";
				INFOPLIST_KEY_UISupportedInterfaceOrientations_iPhone = "UIInterfaceOrientationPortrait UIInterfaceOrientationLandscapeLeft UIInterfaceOrientationLandscapeRight";
				LD_RUNPATH_SEARCH_PATHS = (
					"$(inherited)",
					"@executable_path/Frameworks",
				);
				MARKETING_VERSION = 1.0;
				PRODUCT_BUNDLE_IDENTIFIER = com.talha.DailyList;
				PRODUCT_NAME = "$(TARGET_NAME)";
				SWIFT_EMIT_LOC_STRINGS = YES;
				SWIFT_VERSION = 5.0;
				TARGETED_DEVICE_FAMILY = "1,2";
			};
			name = Release;
		};
/* End XCBuildConfiguration section */

/* Begin XCConfigurationList section */
		BC5C546629ED897A00010D4A /* Build configuration list for PBXProject "DailyList" */ = {
			isa = XCConfigurationList;
			buildConfigurations = (
				BC5C547D29ED897B00010D4A /* Debug */,
				BC5C547E29ED897B00010D4A /* Release */,
			);
			defaultConfigurationIsVisible = 0;
			defaultConfigurationName = Release;
		};
		BC5C547F29ED897B00010D4A /* Build configuration list for PBXNativeTarget "DailyList" */ = {
			isa = XCConfigurationList;
			buildConfigurations = (
				BC5C548029ED897B00010D4A /* Debug */,
				BC5C548129ED897B00010D4A /* Release */,
			);
			defaultConfigurationIsVisible = 0;
			defaultConfigurationName = Release;
		};
/* End XCConfigurationList section */
	};
	rootObject = BC5C546329ED897A00010D4A /* Project object */;
}
